{
    "version": 3,
    "terraform_version": "0.12.31",
    "serial": 1,
    "lineage": "f00687a7-09c6-7792-364f-9d68adb250f9",
    "modules": [
        {
            "path": [
                "root"
            ],
            "outputs": {
                "aws_s3_bucket_policy_tfer--hello-world-dev-serverlessdeploymentbucket-120sd55s2qo3u_id": {
                    "sensitive": false,
                    "type": "string",
                    "value": "hello-world-dev-serverlessdeploymentbucket-120sd55s2qo3u"
                },
                "aws_s3_bucket_policy_tfer--twentyfour-hour-video-de-serverlessdeploymentbuck-rhspwz38q1iv_id": {
                    "sensitive": false,
                    "type": "string",
                    "value": "twentyfour-hour-video-de-serverlessdeploymentbuck-rhspwz38q1iv"
                },
                "aws_s3_bucket_policy_tfer--twentyfour-hour-video-py-serverlessdeploymentbuck-109stxt1w7iw0_id": {
                    "sensitive": false,
                    "type": "string",
                    "value": "twentyfour-hour-video-py-serverlessdeploymentbuck-109stxt1w7iw0"
                },
                "aws_s3_bucket_tfer--064592191516-audio_id": {
                    "sensitive": false,
                    "type": "string",
                    "value": "064592191516-audio"
                },
                "aws_s3_bucket_tfer--064592191516-books_id": {
                    "sensitive": false,
                    "type": "string",
                    "value": "064592191516-books"
                },
                "aws_s3_bucket_tfer--064592191516-mov_id": {
                    "sensitive": false,
                    "type": "string",
                    "value": "064592191516-mov"
                },
                "aws_s3_bucket_tfer--064592191516-serverless-video-transcode-python_id": {
                    "sensitive": false,
                    "type": "string",
                    "value": "064592191516-serverless-video-transcode-python"
                },
                "aws_s3_bucket_tfer--064592191516-serverless-video-transcode_id": {
                    "sensitive": false,
                    "type": "string",
                    "value": "064592191516-serverless-video-transcode"
                },
                "aws_s3_bucket_tfer--064592191516-serverless-video-upload-python_id": {
                    "sensitive": false,
                    "type": "string",
                    "value": "064592191516-serverless-video-upload-python"
                },
                "aws_s3_bucket_tfer--064592191516-serverless-video-upload_id": {
                    "sensitive": false,
                    "type": "string",
                    "value": "064592191516-serverless-video-upload"
                },
                "aws_s3_bucket_tfer--064592191516-tele_id": {
                    "sensitive": false,
                    "type": "string",
                    "value": "064592191516-tele"
                },
                "aws_s3_bucket_tfer--hello-world-dev-serverlessdeploymentbucket-120sd55s2qo3u_id": {
                    "sensitive": false,
                    "type": "string",
                    "value": "hello-world-dev-serverlessdeploymentbucket-120sd55s2qo3u"
                },
                "aws_s3_bucket_tfer--twentyfour-hour-video-de-serverlessdeploymentbuck-rhspwz38q1iv_id": {
                    "sensitive": false,
                    "type": "string",
                    "value": "twentyfour-hour-video-de-serverlessdeploymentbuck-rhspwz38q1iv"
                },
                "aws_s3_bucket_tfer--twentyfour-hour-video-py-serverlessdeploymentbuck-109stxt1w7iw0_id": {
                    "sensitive": false,
                    "type": "string",
                    "value": "twentyfour-hour-video-py-serverlessdeploymentbuck-109stxt1w7iw0"
                }
            },
            "resources": {
                "aws_s3_bucket.tfer--064592191516-audio": {
                    "type": "aws_s3_bucket",
                    "depends_on": [],
                    "primary": {
                        "id": "064592191516-audio",
                        "attributes": {
                            "acceleration_status": "",
                            "acl": "private",
                            "arn": "arn:aws:s3:::064592191516-audio",
                            "bucket": "064592191516-audio",
                            "bucket_domain_name": "064592191516-audio.s3.amazonaws.com",
                            "bucket_regional_domain_name": "064592191516-audio.s3.amazonaws.com",
                            "cors_rule.#": "0",
                            "force_destroy": "false",
                            "grant.#": "0",
                            "hosted_zone_id": "Z3AQBSTGFYJSTF",
                            "id": "064592191516-audio",
                            "lifecycle_rule.#": "0",
                            "logging.#": "0",
                            "object_lock_configuration.#": "0",
                            "object_lock_enabled": "false",
                            "region": "us-east-1",
                            "replication_configuration.#": "0",
                            "request_payer": "BucketOwner",
                            "server_side_encryption_configuration.#": "1",
                            "server_side_encryption_configuration.0.rule.#": "1",
                            "server_side_encryption_configuration.0.rule.0.apply_server_side_encryption_by_default.#": "1",
                            "server_side_encryption_configuration.0.rule.0.apply_server_side_encryption_by_default.0.kms_master_key_id": "arn:aws:kms:us-east-1:064592191516:alias/aws/s3",
                            "server_side_encryption_configuration.0.rule.0.apply_server_side_encryption_by_default.0.sse_algorithm": "aws:kms",
                            "server_side_encryption_configuration.0.rule.0.bucket_key_enabled": "true",
                            "tags.%": "0",
                            "tags_all.%": "0",
                            "versioning.#": "1",
                            "versioning.0.enabled": "false",
                            "versioning.0.mfa_delete": "false",
                            "website.#": "0"
                        },
                        "meta": {
                            "schema_version": 0
                        },
                        "tainted": false
                    },
                    "deposed": [],
                    "provider": "provider.aws"
                },
                "aws_s3_bucket.tfer--064592191516-books": {
                    "type": "aws_s3_bucket",
                    "depends_on": [],
                    "primary": {
                        "id": "064592191516-books",
                        "attributes": {
                            "acceleration_status": "",
                            "acl": "private",
                            "arn": "arn:aws:s3:::064592191516-books",
                            "bucket": "064592191516-books",
                            "bucket_domain_name": "064592191516-books.s3.amazonaws.com",
                            "bucket_regional_domain_name": "064592191516-books.s3.amazonaws.com",
                            "cors_rule.#": "0",
                            "force_destroy": "false",
                            "grant.#": "0",
                            "hosted_zone_id": "Z3AQBSTGFYJSTF",
                            "id": "064592191516-books",
                            "lifecycle_rule.#": "0",
                            "logging.#": "0",
                            "object_lock_configuration.#": "0",
                            "object_lock_enabled": "false",
                            "region": "us-east-1",
                            "replication_configuration.#": "0",
                            "request_payer": "BucketOwner",
                            "server_side_encryption_configuration.#": "1",
                            "server_side_encryption_configuration.0.rule.#": "1",
                            "server_side_encryption_configuration.0.rule.0.apply_server_side_encryption_by_default.#": "1",
                            "server_side_encryption_configuration.0.rule.0.apply_server_side_encryption_by_default.0.kms_master_key_id": "arn:aws:kms:us-east-1:064592191516:alias/aws/s3",
                            "server_side_encryption_configuration.0.rule.0.apply_server_side_encryption_by_default.0.sse_algorithm": "aws:kms",
                            "server_side_encryption_configuration.0.rule.0.bucket_key_enabled": "true",
                            "tags.%": "0",
                            "tags_all.%": "0",
                            "versioning.#": "1",
                            "versioning.0.enabled": "false",
                            "versioning.0.mfa_delete": "false",
                            "website.#": "0"
                        },
                        "meta": {
                            "schema_version": 0
                        },
                        "tainted": false
                    },
                    "deposed": [],
                    "provider": "provider.aws"
                },
                "aws_s3_bucket.tfer--064592191516-mov": {
                    "type": "aws_s3_bucket",
                    "depends_on": [],
                    "primary": {
                        "id": "064592191516-mov",
                        "attributes": {
                            "acceleration_status": "",
                            "acl": "private",
                            "arn": "arn:aws:s3:::064592191516-mov",
                            "bucket": "064592191516-mov",
                            "bucket_domain_name": "064592191516-mov.s3.amazonaws.com",
                            "bucket_regional_domain_name": "064592191516-mov.s3.amazonaws.com",
                            "cors_rule.#": "0",
                            "force_destroy": "false",
                            "grant.#": "0",
                            "hosted_zone_id": "Z3AQBSTGFYJSTF",
                            "id": "064592191516-mov",
                            "lifecycle_rule.#": "0",
                            "logging.#": "0",
                            "object_lock_configuration.#": "0",
                            "object_lock_enabled": "false",
                            "region": "us-east-1",
                            "replication_configuration.#": "0",
                            "request_payer": "BucketOwner",
                            "server_side_encryption_configuration.#": "1",
                            "server_side_encryption_configuration.0.rule.#": "1",
                            "server_side_encryption_configuration.0.rule.0.apply_server_side_encryption_by_default.#": "1",
                            "server_side_encryption_configuration.0.rule.0.apply_server_side_encryption_by_default.0.kms_master_key_id": "arn:aws:kms:us-east-1:064592191516:alias/aws/s3",
                            "server_side_encryption_configuration.0.rule.0.apply_server_side_encryption_by_default.0.sse_algorithm": "aws:kms",
                            "server_side_encryption_configuration.0.rule.0.bucket_key_enabled": "true",
                            "tags.%": "0",
                            "tags_all.%": "0",
                            "versioning.#": "1",
                            "versioning.0.enabled": "false",
                            "versioning.0.mfa_delete": "false",
                            "website.#": "0"
                        },
                        "meta": {
                            "schema_version": 0
                        },
                        "tainted": false
                    },
                    "deposed": [],
                    "provider": "provider.aws"
                },
                "aws_s3_bucket.tfer--064592191516-serverless-video-transcode": {
                    "type": "aws_s3_bucket",
                    "depends_on": [],
                    "primary": {
                        "id": "064592191516-serverless-video-transcode",
                        "attributes": {
                            "acceleration_status": "",
                            "acl": "private",
                            "arn": "arn:aws:s3:::064592191516-serverless-video-transcode",
                            "bucket": "064592191516-serverless-video-transcode",
                            "bucket_domain_name": "064592191516-serverless-video-transcode.s3.amazonaws.com",
                            "bucket_regional_domain_name": "064592191516-serverless-video-transcode.s3.amazonaws.com",
                            "cors_rule.#": "0",
                            "force_destroy": "false",
                            "grant.#": "0",
                            "hosted_zone_id": "Z3AQBSTGFYJSTF",
                            "id": "064592191516-serverless-video-transcode",
                            "lifecycle_rule.#": "0",
                            "logging.#": "0",
                            "object_lock_configuration.#": "0",
                            "object_lock_enabled": "false",
                            "region": "us-east-1",
                            "replication_configuration.#": "0",
                            "request_payer": "BucketOwner",
                            "server_side_encryption_configuration.#": "1",
                            "server_side_encryption_configuration.0.rule.#": "1",
                            "server_side_encryption_configuration.0.rule.0.apply_server_side_encryption_by_default.#": "1",
                            "server_side_encryption_configuration.0.rule.0.apply_server_side_encryption_by_default.0.kms_master_key_id": "arn:aws:kms:us-east-1:064592191516:alias/aws/s3",
                            "server_side_encryption_configuration.0.rule.0.apply_server_side_encryption_by_default.0.sse_algorithm": "aws:kms",
                            "server_side_encryption_configuration.0.rule.0.bucket_key_enabled": "true",
                            "tags.%": "0",
                            "tags_all.%": "0",
                            "versioning.#": "1",
                            "versioning.0.enabled": "false",
                            "versioning.0.mfa_delete": "false",
                            "website.#": "0"
                        },
                        "meta": {
                            "schema_version": 0
                        },
                        "tainted": false
                    },
                    "deposed": [],
                    "provider": "provider.aws"
                },
                "aws_s3_bucket.tfer--064592191516-serverless-video-transcode-python": {
                    "type": "aws_s3_bucket",
                    "depends_on": [],
                    "primary": {
                        "id": "064592191516-serverless-video-transcode-python",
                        "attributes": {
                            "acceleration_status": "",
                            "acl": "private",
                            "arn": "arn:aws:s3:::064592191516-serverless-video-transcode-python",
                            "bucket": "064592191516-serverless-video-transcode-python",
                            "bucket_domain_name": "064592191516-serverless-video-transcode-python.s3.amazonaws.com",
                            "bucket_regional_domain_name": "064592191516-serverless-video-transcode-python.s3.amazonaws.com",
                            "cors_rule.#": "0",
                            "force_destroy": "false",
                            "grant.#": "0",
                            "hosted_zone_id": "Z3AQBSTGFYJSTF",
                            "id": "064592191516-serverless-video-transcode-python",
                            "lifecycle_rule.#": "0",
                            "logging.#": "0",
                            "object_lock_configuration.#": "0",
                            "object_lock_enabled": "false",
                            "region": "us-east-1",
                            "replication_configuration.#": "0",
                            "request_payer": "BucketOwner",
                            "server_side_encryption_configuration.#": "1",
                            "server_side_encryption_configuration.0.rule.#": "1",
                            "server_side_encryption_configuration.0.rule.0.apply_server_side_encryption_by_default.#": "1",
                            "server_side_encryption_configuration.0.rule.0.apply_server_side_encryption_by_default.0.kms_master_key_id": "arn:aws:kms:us-east-1:064592191516:alias/aws/s3",
                            "server_side_encryption_configuration.0.rule.0.apply_server_side_encryption_by_default.0.sse_algorithm": "aws:kms",
                            "server_side_encryption_configuration.0.rule.0.bucket_key_enabled": "true",
                            "tags.%": "0",
                            "tags_all.%": "0",
                            "versioning.#": "1",
                            "versioning.0.enabled": "false",
                            "versioning.0.mfa_delete": "false",
                            "website.#": "0"
                        },
                        "meta": {
                            "schema_version": 0
                        },
                        "tainted": false
                    },
                    "deposed": [],
                    "provider": "provider.aws"
                },
                "aws_s3_bucket.tfer--064592191516-serverless-video-upload": {
                    "type": "aws_s3_bucket",
                    "depends_on": [],
                    "primary": {
                        "id": "064592191516-serverless-video-upload",
                        "attributes": {
                            "acceleration_status": "",
                            "acl": "private",
                            "arn": "arn:aws:s3:::064592191516-serverless-video-upload",
                            "bucket": "064592191516-serverless-video-upload",
                            "bucket_domain_name": "064592191516-serverless-video-upload.s3.amazonaws.com",
                            "bucket_regional_domain_name": "064592191516-serverless-video-upload.s3.amazonaws.com",
                            "cors_rule.#": "0",
                            "force_destroy": "false",
                            "grant.#": "0",
                            "hosted_zone_id": "Z3AQBSTGFYJSTF",
                            "id": "064592191516-serverless-video-upload",
                            "lifecycle_rule.#": "0",
                            "logging.#": "0",
                            "object_lock_configuration.#": "0",
                            "object_lock_enabled": "false",
                            "region": "us-east-1",
                            "replication_configuration.#": "0",
                            "request_payer": "BucketOwner",
                            "server_side_encryption_configuration.#": "1",
                            "server_side_encryption_configuration.0.rule.#": "1",
                            "server_side_encryption_configuration.0.rule.0.apply_server_side_encryption_by_default.#": "1",
                            "server_side_encryption_configuration.0.rule.0.apply_server_side_encryption_by_default.0.kms_master_key_id": "",
                            "server_side_encryption_configuration.0.rule.0.apply_server_side_encryption_by_default.0.sse_algorithm": "AES256",
                            "server_side_encryption_configuration.0.rule.0.bucket_key_enabled": "false",
                            "tags.%": "1",
                            "tags.STAGE": "dev",
                            "tags_all.%": "1",
                            "tags_all.STAGE": "dev",
                            "versioning.#": "1",
                            "versioning.0.enabled": "false",
                            "versioning.0.mfa_delete": "false",
                            "website.#": "0"
                        },
                        "meta": {
                            "schema_version": 0
                        },
                        "tainted": false
                    },
                    "deposed": [],
                    "provider": "provider.aws"
                },
                "aws_s3_bucket.tfer--064592191516-serverless-video-upload-python": {
                    "type": "aws_s3_bucket",
                    "depends_on": [],
                    "primary": {
                        "id": "064592191516-serverless-video-upload-python",
                        "attributes": {
                            "acceleration_status": "",
                            "acl": "private",
                            "arn": "arn:aws:s3:::064592191516-serverless-video-upload-python",
                            "bucket": "064592191516-serverless-video-upload-python",
                            "bucket_domain_name": "064592191516-serverless-video-upload-python.s3.amazonaws.com",
                            "bucket_regional_domain_name": "064592191516-serverless-video-upload-python.s3.amazonaws.com",
                            "cors_rule.#": "0",
                            "force_destroy": "false",
                            "grant.#": "0",
                            "hosted_zone_id": "Z3AQBSTGFYJSTF",
                            "id": "064592191516-serverless-video-upload-python",
                            "lifecycle_rule.#": "0",
                            "logging.#": "0",
                            "object_lock_configuration.#": "0",
                            "object_lock_enabled": "false",
                            "region": "us-east-1",
                            "replication_configuration.#": "0",
                            "request_payer": "BucketOwner",
                            "server_side_encryption_configuration.#": "1",
                            "server_side_encryption_configuration.0.rule.#": "1",
                            "server_side_encryption_configuration.0.rule.0.apply_server_side_encryption_by_default.#": "1",
                            "server_side_encryption_configuration.0.rule.0.apply_server_side_encryption_by_default.0.kms_master_key_id": "",
                            "server_side_encryption_configuration.0.rule.0.apply_server_side_encryption_by_default.0.sse_algorithm": "AES256",
                            "server_side_encryption_configuration.0.rule.0.bucket_key_enabled": "false",
                            "tags.%": "1",
                            "tags.STAGE": "dev",
                            "tags_all.%": "1",
                            "tags_all.STAGE": "dev",
                            "versioning.#": "1",
                            "versioning.0.enabled": "false",
                            "versioning.0.mfa_delete": "false",
                            "website.#": "0"
                        },
                        "meta": {
                            "schema_version": 0
                        },
                        "tainted": false
                    },
                    "deposed": [],
                    "provider": "provider.aws"
                },
                "aws_s3_bucket.tfer--064592191516-tele": {
                    "type": "aws_s3_bucket",
                    "depends_on": [],
                    "primary": {
                        "id": "064592191516-tele",
                        "attributes": {
                            "acceleration_status": "",
                            "acl": "private",
                            "arn": "arn:aws:s3:::064592191516-tele",
                            "bucket": "064592191516-tele",
                            "bucket_domain_name": "064592191516-tele.s3.amazonaws.com",
                            "bucket_regional_domain_name": "064592191516-tele.s3.amazonaws.com",
                            "cors_rule.#": "0",
                            "force_destroy": "false",
                            "grant.#": "0",
                            "hosted_zone_id": "Z3AQBSTGFYJSTF",
                            "id": "064592191516-tele",
                            "lifecycle_rule.#": "0",
                            "logging.#": "0",
                            "object_lock_configuration.#": "0",
                            "object_lock_enabled": "false",
                            "region": "us-east-1",
                            "replication_configuration.#": "0",
                            "request_payer": "BucketOwner",
                            "server_side_encryption_configuration.#": "1",
                            "server_side_encryption_configuration.0.rule.#": "1",
                            "server_side_encryption_configuration.0.rule.0.apply_server_side_encryption_by_default.#": "1",
                            "server_side_encryption_configuration.0.rule.0.apply_server_side_encryption_by_default.0.kms_master_key_id": "arn:aws:kms:us-east-1:064592191516:alias/aws/s3",
                            "server_side_encryption_configuration.0.rule.0.apply_server_side_encryption_by_default.0.sse_algorithm": "aws:kms",
                            "server_side_encryption_configuration.0.rule.0.bucket_key_enabled": "true",
                            "tags.%": "0",
                            "tags_all.%": "0",
                            "versioning.#": "1",
                            "versioning.0.enabled": "false",
                            "versioning.0.mfa_delete": "false",
                            "website.#": "0"
                        },
                        "meta": {
                            "schema_version": 0
                        },
                        "tainted": false
                    },
                    "deposed": [],
                    "provider": "provider.aws"
                },
                "aws_s3_bucket.tfer--hello-world-dev-serverlessdeploymentbucket-120sd55s2qo3u": {
                    "type": "aws_s3_bucket",
                    "depends_on": [],
                    "primary": {
                        "id": "hello-world-dev-serverlessdeploymentbucket-120sd55s2qo3u",
                        "attributes": {
                            "acceleration_status": "",
                            "acl": "private",
                            "arn": "arn:aws:s3:::hello-world-dev-serverlessdeploymentbucket-120sd55s2qo3u",
                            "bucket": "hello-world-dev-serverlessdeploymentbucket-120sd55s2qo3u",
                            "bucket_domain_name": "hello-world-dev-serverlessdeploymentbucket-120sd55s2qo3u.s3.amazonaws.com",
                            "bucket_regional_domain_name": "hello-world-dev-serverlessdeploymentbucket-120sd55s2qo3u.s3.amazonaws.com",
                            "cors_rule.#": "0",
                            "force_destroy": "false",
                            "grant.#": "0",
                            "hosted_zone_id": "Z3AQBSTGFYJSTF",
                            "id": "hello-world-dev-serverlessdeploymentbucket-120sd55s2qo3u",
                            "lifecycle_rule.#": "0",
                            "logging.#": "0",
                            "object_lock_configuration.#": "0",
                            "object_lock_enabled": "false",
                            "policy": "{\"Statement\":[{\"Action\":\"s3:*\",\"Condition\":{\"Bool\":{\"aws:SecureTransport\":\"false\"}},\"Effect\":\"Deny\",\"Principal\":\"*\",\"Resource\":[\"arn:aws:s3:::hello-world-dev-serverlessdeploymentbucket-120sd55s2qo3u/*\",\"arn:aws:s3:::hello-world-dev-serverlessdeploymentbucket-120sd55s2qo3u\"]}],\"Version\":\"2008-10-17\"}",
                            "region": "us-east-1",
                            "replication_configuration.#": "0",
                            "request_payer": "BucketOwner",
                            "server_side_encryption_configuration.#": "1",
                            "server_side_encryption_configuration.0.rule.#": "1",
                            "server_side_encryption_configuration.0.rule.0.apply_server_side_encryption_by_default.#": "1",
                            "server_side_encryption_configuration.0.rule.0.apply_server_side_encryption_by_default.0.kms_master_key_id": "",
                            "server_side_encryption_configuration.0.rule.0.apply_server_side_encryption_by_default.0.sse_algorithm": "AES256",
                            "server_side_encryption_configuration.0.rule.0.bucket_key_enabled": "false",
                            "tags.%": "1",
                            "tags.STAGE": "dev",
                            "tags_all.%": "1",
                            "tags_all.STAGE": "dev",
                            "versioning.#": "1",
                            "versioning.0.enabled": "false",
                            "versioning.0.mfa_delete": "false",
                            "website.#": "0"
                        },
                        "meta": {
                            "schema_version": 0
                        },
                        "tainted": false
                    },
                    "deposed": [],
                    "provider": "provider.aws"
                },
                "aws_s3_bucket.tfer--twentyfour-hour-video-de-serverlessdeploymentbuck-rhspwz38q1iv": {
                    "type": "aws_s3_bucket",
                    "depends_on": [],
                    "primary": {
                        "id": "twentyfour-hour-video-de-serverlessdeploymentbuck-rhspwz38q1iv",
                        "attributes": {
                            "acceleration_status": "",
                            "acl": "private",
                            "arn": "arn:aws:s3:::twentyfour-hour-video-de-serverlessdeploymentbuck-rhspwz38q1iv",
                            "bucket": "twentyfour-hour-video-de-serverlessdeploymentbuck-rhspwz38q1iv",
                            "bucket_domain_name": "twentyfour-hour-video-de-serverlessdeploymentbuck-rhspwz38q1iv.s3.amazonaws.com",
                            "bucket_regional_domain_name": "twentyfour-hour-video-de-serverlessdeploymentbuck-rhspwz38q1iv.s3.amazonaws.com",
                            "cors_rule.#": "0",
                            "force_destroy": "false",
                            "grant.#": "0",
                            "hosted_zone_id": "Z3AQBSTGFYJSTF",
                            "id": "twentyfour-hour-video-de-serverlessdeploymentbuck-rhspwz38q1iv",
                            "lifecycle_rule.#": "0",
                            "logging.#": "0",
                            "object_lock_configuration.#": "0",
                            "object_lock_enabled": "false",
                            "policy": "{\"Statement\":[{\"Action\":\"s3:*\",\"Condition\":{\"Bool\":{\"aws:SecureTransport\":\"false\"}},\"Effect\":\"Deny\",\"Principal\":\"*\",\"Resource\":[\"arn:aws:s3:::twentyfour-hour-video-de-serverlessdeploymentbuck-rhspwz38q1iv/*\",\"arn:aws:s3:::twentyfour-hour-video-de-serverlessdeploymentbuck-rhspwz38q1iv\"]}],\"Version\":\"2008-10-17\"}",
                            "region": "us-east-1",
                            "replication_configuration.#": "0",
                            "request_payer": "BucketOwner",
                            "server_side_encryption_configuration.#": "1",
                            "server_side_encryption_configuration.0.rule.#": "1",
                            "server_side_encryption_configuration.0.rule.0.apply_server_side_encryption_by_default.#": "1",
                            "server_side_encryption_configuration.0.rule.0.apply_server_side_encryption_by_default.0.kms_master_key_id": "",
                            "server_side_encryption_configuration.0.rule.0.apply_server_side_encryption_by_default.0.sse_algorithm": "AES256",
                            "server_side_encryption_configuration.0.rule.0.bucket_key_enabled": "false",
                            "tags.%": "1",
                            "tags.STAGE": "dev",
                            "tags_all.%": "1",
                            "tags_all.STAGE": "dev",
                            "versioning.#": "1",
                            "versioning.0.enabled": "false",
                            "versioning.0.mfa_delete": "false",
                            "website.#": "0"
                        },
                        "meta": {
                            "schema_version": 0
                        },
                        "tainted": false
                    },
                    "deposed": [],
                    "provider": "provider.aws"
                },
                "aws_s3_bucket.tfer--twentyfour-hour-video-py-serverlessdeploymentbuck-109stxt1w7iw0": {
                    "type": "aws_s3_bucket",
                    "depends_on": [],
                    "primary": {
                        "id": "twentyfour-hour-video-py-serverlessdeploymentbuck-109stxt1w7iw0",
                        "attributes": {
                            "acceleration_status": "",
                            "acl": "private",
                            "arn": "arn:aws:s3:::twentyfour-hour-video-py-serverlessdeploymentbuck-109stxt1w7iw0",
                            "bucket": "twentyfour-hour-video-py-serverlessdeploymentbuck-109stxt1w7iw0",
                            "bucket_domain_name": "twentyfour-hour-video-py-serverlessdeploymentbuck-109stxt1w7iw0.s3.amazonaws.com",
                            "bucket_regional_domain_name": "twentyfour-hour-video-py-serverlessdeploymentbuck-109stxt1w7iw0.s3.amazonaws.com",
                            "cors_rule.#": "0",
                            "force_destroy": "false",
                            "grant.#": "0",
                            "hosted_zone_id": "Z3AQBSTGFYJSTF",
                            "id": "twentyfour-hour-video-py-serverlessdeploymentbuck-109stxt1w7iw0",
                            "lifecycle_rule.#": "0",
                            "logging.#": "0",
                            "object_lock_configuration.#": "0",
                            "object_lock_enabled": "false",
                            "policy": "{\"Statement\":[{\"Action\":\"s3:*\",\"Condition\":{\"Bool\":{\"aws:SecureTransport\":\"false\"}},\"Effect\":\"Deny\",\"Principal\":\"*\",\"Resource\":[\"arn:aws:s3:::twentyfour-hour-video-py-serverlessdeploymentbuck-109stxt1w7iw0/*\",\"arn:aws:s3:::twentyfour-hour-video-py-serverlessdeploymentbuck-109stxt1w7iw0\"]}],\"Version\":\"2008-10-17\"}",
                            "region": "us-east-1",
                            "replication_configuration.#": "0",
                            "request_payer": "BucketOwner",
                            "server_side_encryption_configuration.#": "1",
                            "server_side_encryption_configuration.0.rule.#": "1",
                            "server_side_encryption_configuration.0.rule.0.apply_server_side_encryption_by_default.#": "1",
                            "server_side_encryption_configuration.0.rule.0.apply_server_side_encryption_by_default.0.kms_master_key_id": "",
                            "server_side_encryption_configuration.0.rule.0.apply_server_side_encryption_by_default.0.sse_algorithm": "AES256",
                            "server_side_encryption_configuration.0.rule.0.bucket_key_enabled": "false",
                            "tags.%": "1",
                            "tags.STAGE": "dev",
                            "tags_all.%": "1",
                            "tags_all.STAGE": "dev",
                            "versioning.#": "1",
                            "versioning.0.enabled": "false",
                            "versioning.0.mfa_delete": "false",
                            "website.#": "0"
                        },
                        "meta": {
                            "schema_version": 0
                        },
                        "tainted": false
                    },
                    "deposed": [],
                    "provider": "provider.aws"
                },
                "aws_s3_bucket_policy.tfer--hello-world-dev-serverlessdeploymentbucket-120sd55s2qo3u": {
                    "type": "aws_s3_bucket_policy",
                    "depends_on": [],
                    "primary": {
                        "id": "hello-world-dev-serverlessdeploymentbucket-120sd55s2qo3u",
                        "attributes": {
                            "bucket": "hello-world-dev-serverlessdeploymentbucket-120sd55s2qo3u",
                            "id": "hello-world-dev-serverlessdeploymentbucket-120sd55s2qo3u",
                            "policy": "{\"Statement\":[{\"Action\":\"s3:*\",\"Condition\":{\"Bool\":{\"aws:SecureTransport\":\"false\"}},\"Effect\":\"Deny\",\"Principal\":\"*\",\"Resource\":[\"arn:aws:s3:::hello-world-dev-serverlessdeploymentbucket-120sd55s2qo3u/*\",\"arn:aws:s3:::hello-world-dev-serverlessdeploymentbucket-120sd55s2qo3u\"]}],\"Version\":\"2008-10-17\"}"
                        },
                        "meta": {
                            "schema_version": 0
                        },
                        "tainted": false
                    },
                    "deposed": [],
                    "provider": "provider.aws"
                },
                "aws_s3_bucket_policy.tfer--twentyfour-hour-video-de-serverlessdeploymentbuck-rhspwz38q1iv": {
                    "type": "aws_s3_bucket_policy",
                    "depends_on": [],
                    "primary": {
                        "id": "twentyfour-hour-video-de-serverlessdeploymentbuck-rhspwz38q1iv",
                        "attributes": {
                            "bucket": "twentyfour-hour-video-de-serverlessdeploymentbuck-rhspwz38q1iv",
                            "id": "twentyfour-hour-video-de-serverlessdeploymentbuck-rhspwz38q1iv",
                            "policy": "{\"Statement\":[{\"Action\":\"s3:*\",\"Condition\":{\"Bool\":{\"aws:SecureTransport\":\"false\"}},\"Effect\":\"Deny\",\"Principal\":\"*\",\"Resource\":[\"arn:aws:s3:::twentyfour-hour-video-de-serverlessdeploymentbuck-rhspwz38q1iv/*\",\"arn:aws:s3:::twentyfour-hour-video-de-serverlessdeploymentbuck-rhspwz38q1iv\"]}],\"Version\":\"2008-10-17\"}"
                        },
                        "meta": {
                            "schema_version": 0
                        },
                        "tainted": false
                    },
                    "deposed": [],
                    "provider": "provider.aws"
                },
                "aws_s3_bucket_policy.tfer--twentyfour-hour-video-py-serverlessdeploymentbuck-109stxt1w7iw0": {
                    "type": "aws_s3_bucket_policy",
                    "depends_on": [],
                    "primary": {
                        "id": "twentyfour-hour-video-py-serverlessdeploymentbuck-109stxt1w7iw0",
                        "attributes": {
                            "bucket": "twentyfour-hour-video-py-serverlessdeploymentbuck-109stxt1w7iw0",
                            "id": "twentyfour-hour-video-py-serverlessdeploymentbuck-109stxt1w7iw0",
                            "policy": "{\"Statement\":[{\"Action\":\"s3:*\",\"Condition\":{\"Bool\":{\"aws:SecureTransport\":\"false\"}},\"Effect\":\"Deny\",\"Principal\":\"*\",\"Resource\":[\"arn:aws:s3:::twentyfour-hour-video-py-serverlessdeploymentbuck-109stxt1w7iw0/*\",\"arn:aws:s3:::twentyfour-hour-video-py-serverlessdeploymentbuck-109stxt1w7iw0\"]}],\"Version\":\"2008-10-17\"}"
                        },
                        "meta": {
                            "schema_version": 0
                        },
                        "tainted": false
                    },
                    "deposed": [],
                    "provider": "provider.aws"
                }
            },
            "depends_on": []
        }
    ]
}
