{
    "version": 3,
    "terraform_version": "0.12.31",
    "serial": 1,
    "lineage": "25443ab1-c907-edcb-02bc-c567aba8b02f",
    "modules": [
        {
            "path": [
                "root"
            ],
            "outputs": {
                "aws_iam_group_policy_attachment_tfer--Admin_AdministratorAccess_id": {
                    "sensitive": false,
                    "type": "string",
                    "value": "Admin/arn:aws:iam::aws:policy/AdministratorAccess"
                },
                "aws_iam_group_tfer--Admin_id": {
                    "sensitive": false,
                    "type": "string",
                    "value": "Admin"
                },
                "aws_iam_policy_tfer--LambdaCloudWatchLogsPolicy_id": {
                    "sensitive": false,
                    "type": "string",
                    "value": "arn:aws:iam::064592191516:policy/LambdaCloudWatchLogsPolicy"
                },
                "aws_iam_policy_tfer--custom-resources-lambda-policy_id": {
                    "sensitive": false,
                    "type": "string",
                    "value": "arn:aws:iam::064592191516:policy/custom-resources-lambda-policy"
                },
                "aws_iam_role_policy_attachment_tfer--AWSServiceRoleForSupport_AWSSupportServiceRolePolicy_id": {
                    "sensitive": false,
                    "type": "string",
                    "value": "AWSServiceRoleForSupport/arn:aws:iam::aws:policy/aws-service-role/AWSSupportServiceRolePolicy"
                },
                "aws_iam_role_policy_attachment_tfer--AWSServiceRoleForTrustedAdvisor_AWSTrustedAdvisorServiceRolePolicy_id": {
                    "sensitive": false,
                    "type": "string",
                    "value": "AWSServiceRoleForTrustedAdvisor/arn:aws:iam::aws:policy/aws-service-role/AWSTrustedAdvisorServiceRolePolicy"
                },
                "aws_iam_role_policy_attachment_tfer--media-convert-role_AmazonAPIGatewayInvokeFullAccess_id": {
                    "sensitive": false,
                    "type": "string",
                    "value": "media-convert-role/arn:aws:iam::aws:policy/AmazonAPIGatewayInvokeFullAccess"
                },
                "aws_iam_role_policy_attachment_tfer--media-convert-role_AmazonS3FullAccess_id": {
                    "sensitive": false,
                    "type": "string",
                    "value": "media-convert-role/arn:aws:iam::aws:policy/AmazonS3FullAccess"
                },
                "aws_iam_role_policy_attachment_tfer--transcode-video_AWSElementalMediaConvertFullAccess_id": {
                    "sensitive": false,
                    "type": "string",
                    "value": "transcode-video/arn:aws:iam::aws:policy/AWSElementalMediaConvertFullAccess"
                },
                "aws_iam_role_policy_attachment_tfer--transcode-video_AWSLambdaExecute_id": {
                    "sensitive": false,
                    "type": "string",
                    "value": "transcode-video/arn:aws:iam::aws:policy/AWSLambdaExecute"
                },
                "aws_iam_role_policy_attachment_tfer--transcode-video_LambdaCloudWatchLogsPolicy_id": {
                    "sensitive": false,
                    "type": "string",
                    "value": "transcode-video/arn:aws:iam::064592191516:policy/LambdaCloudWatchLogsPolicy"
                },
                "aws_iam_role_policy_attachment_tfer--transcode-video_custom-resources-lambda-policy_id": {
                    "sensitive": false,
                    "type": "string",
                    "value": "transcode-video/arn:aws:iam::064592191516:policy/custom-resources-lambda-policy"
                },
                "aws_iam_role_policy_attachment_tfer--twentyfour-hour-video-python-IamRoleCustomResources_custom-resources-lambda-policy_id": {
                    "sensitive": false,
                    "type": "string",
                    "value": "twentyfour-hour-video-python-IamRoleCustomResources/arn:aws:iam::064592191516:policy/custom-resources-lambda-policy"
                },
                "aws_iam_role_tfer--AWSServiceRoleForSupport_id": {
                    "sensitive": false,
                    "type": "string",
                    "value": "AWSServiceRoleForSupport"
                },
                "aws_iam_role_tfer--AWSServiceRoleForTrustedAdvisor_id": {
                    "sensitive": false,
                    "type": "string",
                    "value": "AWSServiceRoleForTrustedAdvisor"
                },
                "aws_iam_role_tfer--media-convert-role_id": {
                    "sensitive": false,
                    "type": "string",
                    "value": "media-convert-role"
                },
                "aws_iam_role_tfer--transcode-video_id": {
                    "sensitive": false,
                    "type": "string",
                    "value": "transcode-video"
                },
                "aws_iam_role_tfer--twentyfour-hour-video-python-IamRoleCustomResources_id": {
                    "sensitive": false,
                    "type": "string",
                    "value": "twentyfour-hour-video-python-IamRoleCustomResources"
                },
                "aws_iam_user_group_membership_tfer--thom-002F-Admin_id": {
                    "sensitive": false,
                    "type": "string",
                    "value": "thom/Admin"
                },
                "aws_iam_user_tfer--AIDAIXQLU7ITRUTA44KVI_id": {
                    "sensitive": false,
                    "type": "string",
                    "value": "thom"
                }
            },
            "resources": {
                "aws_iam_group.tfer--Admin": {
                    "type": "aws_iam_group",
                    "depends_on": [],
                    "primary": {
                        "id": "Admin",
                        "attributes": {
                            "arn": "arn:aws:iam::064592191516:group/Admin",
                            "id": "Admin",
                            "name": "Admin",
                            "path": "/",
                            "unique_id": "AGPAI7BTYVOZKKJW2INVM"
                        },
                        "meta": {
                            "schema_version": 0
                        },
                        "tainted": false
                    },
                    "deposed": [],
                    "provider": "provider.aws"
                },
                "aws_iam_group_policy_attachment.tfer--Admin_AdministratorAccess": {
                    "type": "aws_iam_group_policy_attachment",
                    "depends_on": [],
                    "primary": {
                        "id": "Admin/arn:aws:iam::aws:policy/AdministratorAccess",
                        "attributes": {
                            "group": "Admin",
                            "id": "Admin/arn:aws:iam::aws:policy/AdministratorAccess",
                            "policy_arn": "arn:aws:iam::aws:policy/AdministratorAccess"
                        },
                        "meta": {
                            "schema_version": 0
                        },
                        "tainted": false
                    },
                    "deposed": [],
                    "provider": "provider.aws"
                },
                "aws_iam_policy.tfer--LambdaCloudWatchLogsPolicy": {
                    "type": "aws_iam_policy",
                    "depends_on": [],
                    "primary": {
                        "id": "arn:aws:iam::064592191516:policy/LambdaCloudWatchLogsPolicy",
                        "attributes": {
                            "arn": "arn:aws:iam::064592191516:policy/LambdaCloudWatchLogsPolicy",
                            "description": "IAM policy to allow Lambda to write logs to CloudWatch Logs",
                            "id": "arn:aws:iam::064592191516:policy/LambdaCloudWatchLogsPolicy",
                            "name": "LambdaCloudWatchLogsPolicy",
                            "path": "/",
                            "policy": "{\"Statement\":[{\"Action\":[\"logs:PutLogEvents\",\"logs:CreateLogStream\",\"logs:CreateLogGroup\"],\"Effect\":\"Allow\",\"Resource\":\"arn:aws:logs:us-east-1:064592191516:log-group:/aws/lambda/your-lambda-function-name:*\",\"Sid\":\"\"}],\"Version\":\"2012-10-17\"}",
                            "policy_id": "ANPAQ6CP6UAOJKFMZPHTO",
                            "tags.%": "0",
                            "tags_all.%": "0"
                        },
                        "meta": {
                            "schema_version": 0
                        },
                        "tainted": false
                    },
                    "deposed": [],
                    "provider": "provider.aws"
                },
                "aws_iam_policy.tfer--custom-resources-lambda-policy": {
                    "type": "aws_iam_policy",
                    "depends_on": [],
                    "primary": {
                        "id": "arn:aws:iam::064592191516:policy/custom-resources-lambda-policy",
                        "attributes": {
                            "arn": "arn:aws:iam::064592191516:policy/custom-resources-lambda-policy",
                            "description": "Policy for Custom Resources Lambda",
                            "id": "arn:aws:iam::064592191516:policy/custom-resources-lambda-policy",
                            "name": "custom-resources-lambda-policy",
                            "path": "/",
                            "policy": "{\"Statement\":[{\"Action\":[\"s3:PutBucketNotification\",\"s3:GetBucketNotification\",\"sqs:*\"],\"Effect\":\"Allow\",\"Resource\":[\"arn:aws:s3:::064592191516-serverless-video-upload-python\",\"arn:aws:sqs:us-east-1:064592191516:serverless-video-transcode-sqs-try\"],\"Sid\":\"\"},{\"Action\":[\"lambda:RemovePermission\",\"lambda:AddPermission\"],\"Effect\":\"Allow\",\"Resource\":\"arn:aws:lambda:us-east-1:064592191516:function/*\",\"Sid\":\"\"}],\"Version\":\"2012-10-17\"}",
                            "policy_id": "ANPAQ6CP6UAODVGPGF4Z3",
                            "tags.%": "0",
                            "tags_all.%": "0"
                        },
                        "meta": {
                            "schema_version": 0
                        },
                        "tainted": false
                    },
                    "deposed": [],
                    "provider": "provider.aws"
                },
                "aws_iam_role.tfer--AWSServiceRoleForSupport": {
                    "type": "aws_iam_role",
                    "depends_on": [],
                    "primary": {
                        "id": "AWSServiceRoleForSupport",
                        "attributes": {
                            "arn": "arn:aws:iam::064592191516:role/aws-service-role/support.amazonaws.com/AWSServiceRoleForSupport",
                            "assume_role_policy": "{\"Version\":\"2012-10-17\",\"Statement\":[{\"Effect\":\"Allow\",\"Principal\":{\"Service\":\"support.amazonaws.com\"},\"Action\":\"sts:AssumeRole\"}]}",
                            "create_date": "2018-07-19T13:30:07Z",
                            "description": "Enables resource access for AWS to provide billing, administrative and support services",
                            "id": "AWSServiceRoleForSupport",
                            "inline_policy.#": "1",
                            "inline_policy.0.name": "",
                            "inline_policy.0.policy": "",
                            "managed_policy_arns.#": "1",
                            "managed_policy_arns.0": "arn:aws:iam::aws:policy/aws-service-role/AWSSupportServiceRolePolicy",
                            "max_session_duration": "3600",
                            "name": "AWSServiceRoleForSupport",
                            "name_prefix": "",
                            "path": "/aws-service-role/support.amazonaws.com/",
                            "tags.%": "0",
                            "tags_all.%": "0",
                            "unique_id": "AROAJFELZ7R5EOCGBFG5Y"
                        },
                        "meta": {
                            "schema_version": 0
                        },
                        "tainted": false
                    },
                    "deposed": [],
                    "provider": "provider.aws"
                },
                "aws_iam_role.tfer--AWSServiceRoleForTrustedAdvisor": {
                    "type": "aws_iam_role",
                    "depends_on": [],
                    "primary": {
                        "id": "AWSServiceRoleForTrustedAdvisor",
                        "attributes": {
                            "arn": "arn:aws:iam::064592191516:role/aws-service-role/trustedadvisor.amazonaws.com/AWSServiceRoleForTrustedAdvisor",
                            "assume_role_policy": "{\"Version\":\"2012-10-17\",\"Statement\":[{\"Effect\":\"Allow\",\"Principal\":{\"Service\":\"trustedadvisor.amazonaws.com\"},\"Action\":\"sts:AssumeRole\"}]}",
                            "create_date": "2018-07-22T02:41:45Z",
                            "description": "Access for the AWS Trusted Advisor Service to help reduce cost, increase performance, and improve security of your AWS environment.",
                            "id": "AWSServiceRoleForTrustedAdvisor",
                            "inline_policy.#": "1",
                            "inline_policy.0.name": "",
                            "inline_policy.0.policy": "",
                            "managed_policy_arns.#": "1",
                            "managed_policy_arns.0": "arn:aws:iam::aws:policy/aws-service-role/AWSTrustedAdvisorServiceRolePolicy",
                            "max_session_duration": "3600",
                            "name": "AWSServiceRoleForTrustedAdvisor",
                            "name_prefix": "",
                            "path": "/aws-service-role/trustedadvisor.amazonaws.com/",
                            "tags.%": "0",
                            "tags_all.%": "0",
                            "unique_id": "AROAIOSSZ3WRXEOUEUUXU"
                        },
                        "meta": {
                            "schema_version": 0
                        },
                        "tainted": false
                    },
                    "deposed": [],
                    "provider": "provider.aws"
                },
                "aws_iam_role.tfer--media-convert-role": {
                    "type": "aws_iam_role",
                    "depends_on": [],
                    "primary": {
                        "id": "media-convert-role",
                        "attributes": {
                            "arn": "arn:aws:iam::064592191516:role/media-convert-role",
                            "assume_role_policy": "{\"Version\":\"2012-10-17\",\"Statement\":[{\"Sid\":\"\",\"Effect\":\"Allow\",\"Principal\":{\"Service\":\"mediaconvert.amazonaws.com\"},\"Action\":\"sts:AssumeRole\"}]}",
                            "create_date": "2023-09-02T20:26:28Z",
                            "description": "Allows MediaConvert service to call S3 APIs and API Gateway on your behalf.",
                            "id": "media-convert-role",
                            "inline_policy.#": "1",
                            "inline_policy.0.name": "",
                            "inline_policy.0.policy": "",
                            "managed_policy_arns.#": "2",
                            "managed_policy_arns.0": "arn:aws:iam::aws:policy/AmazonAPIGatewayInvokeFullAccess",
                            "managed_policy_arns.1": "arn:aws:iam::aws:policy/AmazonS3FullAccess",
                            "max_session_duration": "3600",
                            "name": "media-convert-role",
                            "name_prefix": "",
                            "path": "/",
                            "tags.%": "1",
                            "tags.app": "video-encoding-pipeline",
                            "tags_all.%": "1",
                            "tags_all.app": "video-encoding-pipeline",
                            "unique_id": "AROAQ6CP6UAOJ4CVTCAN2"
                        },
                        "meta": {
                            "schema_version": 0
                        },
                        "tainted": false
                    },
                    "deposed": [],
                    "provider": "provider.aws"
                },
                "aws_iam_role.tfer--transcode-video": {
                    "type": "aws_iam_role",
                    "depends_on": [],
                    "primary": {
                        "id": "transcode-video",
                        "attributes": {
                            "arn": "arn:aws:iam::064592191516:role/transcode-video",
                            "assume_role_policy": "{\"Version\":\"2012-10-17\",\"Statement\":[{\"Sid\":\"\",\"Effect\":\"Allow\",\"Principal\":{\"Service\":\"lambda.amazonaws.com\"},\"Action\":\"sts:AssumeRole\"}]}",
                            "create_date": "2023-09-02T20:26:28Z",
                            "description": "Allows Lambda functions to call AWS video transcode services on your behalf.",
                            "id": "transcode-video",
                            "inline_policy.#": "1",
                            "inline_policy.0.name": "",
                            "inline_policy.0.policy": "",
                            "managed_policy_arns.#": "4",
                            "managed_policy_arns.0": "arn:aws:iam::064592191516:policy/LambdaCloudWatchLogsPolicy",
                            "managed_policy_arns.1": "arn:aws:iam::064592191516:policy/custom-resources-lambda-policy",
                            "managed_policy_arns.2": "arn:aws:iam::aws:policy/AWSElementalMediaConvertFullAccess",
                            "managed_policy_arns.3": "arn:aws:iam::aws:policy/AWSLambdaExecute",
                            "max_session_duration": "3600",
                            "name": "transcode-video",
                            "name_prefix": "",
                            "path": "/",
                            "tags.%": "1",
                            "tags.app": "video-encoding-pipeline",
                            "tags_all.%": "1",
                            "tags_all.app": "video-encoding-pipeline",
                            "unique_id": "AROAQ6CP6UAOPYSAFWCDR"
                        },
                        "meta": {
                            "schema_version": 0
                        },
                        "tainted": false
                    },
                    "deposed": [],
                    "provider": "provider.aws"
                },
                "aws_iam_role.tfer--twentyfour-hour-video-python-IamRoleCustomResources": {
                    "type": "aws_iam_role",
                    "depends_on": [],
                    "primary": {
                        "id": "twentyfour-hour-video-python-IamRoleCustomResources",
                        "attributes": {
                            "arn": "arn:aws:iam::064592191516:role/twentyfour-hour-video-python-IamRoleCustomResources",
                            "assume_role_policy": "{\"Version\":\"2012-10-17\",\"Statement\":[{\"Sid\":\"\",\"Effect\":\"Allow\",\"Principal\":{\"Service\":\"lambda.amazonaws.com\"},\"Action\":\"sts:AssumeRole\"}]}",
                            "create_date": "2023-09-02T20:26:28Z",
                            "description": "Allows Lambda functions to call AWS video transcode services on your behalf.",
                            "id": "twentyfour-hour-video-python-IamRoleCustomResources",
                            "inline_policy.#": "1",
                            "inline_policy.0.name": "",
                            "inline_policy.0.policy": "",
                            "managed_policy_arns.#": "1",
                            "managed_policy_arns.0": "arn:aws:iam::064592191516:policy/custom-resources-lambda-policy",
                            "max_session_duration": "3600",
                            "name": "twentyfour-hour-video-python-IamRoleCustomResources",
                            "name_prefix": "",
                            "path": "/",
                            "tags.%": "1",
                            "tags.STAGE": "dev",
                            "tags_all.%": "1",
                            "tags_all.STAGE": "dev",
                            "unique_id": "AROAQ6CP6UAOOHKSSQKTV"
                        },
                        "meta": {
                            "schema_version": 0
                        },
                        "tainted": false
                    },
                    "deposed": [],
                    "provider": "provider.aws"
                },
                "aws_iam_role_policy_attachment.tfer--AWSServiceRoleForSupport_AWSSupportServiceRolePolicy": {
                    "type": "aws_iam_role_policy_attachment",
                    "depends_on": [],
                    "primary": {
                        "id": "AWSServiceRoleForSupport/arn:aws:iam::aws:policy/aws-service-role/AWSSupportServiceRolePolicy",
                        "attributes": {
                            "id": "AWSServiceRoleForSupport/arn:aws:iam::aws:policy/aws-service-role/AWSSupportServiceRolePolicy",
                            "policy_arn": "arn:aws:iam::aws:policy/aws-service-role/AWSSupportServiceRolePolicy",
                            "role": "AWSServiceRoleForSupport"
                        },
                        "meta": {
                            "schema_version": 0
                        },
                        "tainted": false
                    },
                    "deposed": [],
                    "provider": "provider.aws"
                },
                "aws_iam_role_policy_attachment.tfer--AWSServiceRoleForTrustedAdvisor_AWSTrustedAdvisorServiceRolePolicy": {
                    "type": "aws_iam_role_policy_attachment",
                    "depends_on": [],
                    "primary": {
                        "id": "AWSServiceRoleForTrustedAdvisor/arn:aws:iam::aws:policy/aws-service-role/AWSTrustedAdvisorServiceRolePolicy",
                        "attributes": {
                            "id": "AWSServiceRoleForTrustedAdvisor/arn:aws:iam::aws:policy/aws-service-role/AWSTrustedAdvisorServiceRolePolicy",
                            "policy_arn": "arn:aws:iam::aws:policy/aws-service-role/AWSTrustedAdvisorServiceRolePolicy",
                            "role": "AWSServiceRoleForTrustedAdvisor"
                        },
                        "meta": {
                            "schema_version": 0
                        },
                        "tainted": false
                    },
                    "deposed": [],
                    "provider": "provider.aws"
                },
                "aws_iam_role_policy_attachment.tfer--media-convert-role_AmazonAPIGatewayInvokeFullAccess": {
                    "type": "aws_iam_role_policy_attachment",
                    "depends_on": [],
                    "primary": {
                        "id": "media-convert-role/arn:aws:iam::aws:policy/AmazonAPIGatewayInvokeFullAccess",
                        "attributes": {
                            "id": "media-convert-role/arn:aws:iam::aws:policy/AmazonAPIGatewayInvokeFullAccess",
                            "policy_arn": "arn:aws:iam::aws:policy/AmazonAPIGatewayInvokeFullAccess",
                            "role": "media-convert-role"
                        },
                        "meta": {
                            "schema_version": 0
                        },
                        "tainted": false
                    },
                    "deposed": [],
                    "provider": "provider.aws"
                },
                "aws_iam_role_policy_attachment.tfer--media-convert-role_AmazonS3FullAccess": {
                    "type": "aws_iam_role_policy_attachment",
                    "depends_on": [],
                    "primary": {
                        "id": "media-convert-role/arn:aws:iam::aws:policy/AmazonS3FullAccess",
                        "attributes": {
                            "id": "media-convert-role/arn:aws:iam::aws:policy/AmazonS3FullAccess",
                            "policy_arn": "arn:aws:iam::aws:policy/AmazonS3FullAccess",
                            "role": "media-convert-role"
                        },
                        "meta": {
                            "schema_version": 0
                        },
                        "tainted": false
                    },
                    "deposed": [],
                    "provider": "provider.aws"
                },
                "aws_iam_role_policy_attachment.tfer--transcode-video_AWSElementalMediaConvertFullAccess": {
                    "type": "aws_iam_role_policy_attachment",
                    "depends_on": [],
                    "primary": {
                        "id": "transcode-video/arn:aws:iam::aws:policy/AWSElementalMediaConvertFullAccess",
                        "attributes": {
                            "id": "transcode-video/arn:aws:iam::aws:policy/AWSElementalMediaConvertFullAccess",
                            "policy_arn": "arn:aws:iam::aws:policy/AWSElementalMediaConvertFullAccess",
                            "role": "transcode-video"
                        },
                        "meta": {
                            "schema_version": 0
                        },
                        "tainted": false
                    },
                    "deposed": [],
                    "provider": "provider.aws"
                },
                "aws_iam_role_policy_attachment.tfer--transcode-video_AWSLambdaExecute": {
                    "type": "aws_iam_role_policy_attachment",
                    "depends_on": [],
                    "primary": {
                        "id": "transcode-video/arn:aws:iam::aws:policy/AWSLambdaExecute",
                        "attributes": {
                            "id": "transcode-video/arn:aws:iam::aws:policy/AWSLambdaExecute",
                            "policy_arn": "arn:aws:iam::aws:policy/AWSLambdaExecute",
                            "role": "transcode-video"
                        },
                        "meta": {
                            "schema_version": 0
                        },
                        "tainted": false
                    },
                    "deposed": [],
                    "provider": "provider.aws"
                },
                "aws_iam_role_policy_attachment.tfer--transcode-video_LambdaCloudWatchLogsPolicy": {
                    "type": "aws_iam_role_policy_attachment",
                    "depends_on": [],
                    "primary": {
                        "id": "transcode-video/arn:aws:iam::064592191516:policy/LambdaCloudWatchLogsPolicy",
                        "attributes": {
                            "id": "transcode-video/arn:aws:iam::064592191516:policy/LambdaCloudWatchLogsPolicy",
                            "policy_arn": "arn:aws:iam::064592191516:policy/LambdaCloudWatchLogsPolicy",
                            "role": "transcode-video"
                        },
                        "meta": {
                            "schema_version": 0
                        },
                        "tainted": false
                    },
                    "deposed": [],
                    "provider": "provider.aws"
                },
                "aws_iam_role_policy_attachment.tfer--transcode-video_custom-resources-lambda-policy": {
                    "type": "aws_iam_role_policy_attachment",
                    "depends_on": [],
                    "primary": {
                        "id": "transcode-video/arn:aws:iam::064592191516:policy/custom-resources-lambda-policy",
                        "attributes": {
                            "id": "transcode-video/arn:aws:iam::064592191516:policy/custom-resources-lambda-policy",
                            "policy_arn": "arn:aws:iam::064592191516:policy/custom-resources-lambda-policy",
                            "role": "transcode-video"
                        },
                        "meta": {
                            "schema_version": 0
                        },
                        "tainted": false
                    },
                    "deposed": [],
                    "provider": "provider.aws"
                },
                "aws_iam_role_policy_attachment.tfer--twentyfour-hour-video-python-IamRoleCustomResources_custom-resources-lambda-policy": {
                    "type": "aws_iam_role_policy_attachment",
                    "depends_on": [],
                    "primary": {
                        "id": "twentyfour-hour-video-python-IamRoleCustomResources/arn:aws:iam::064592191516:policy/custom-resources-lambda-policy",
                        "attributes": {
                            "id": "twentyfour-hour-video-python-IamRoleCustomResources/arn:aws:iam::064592191516:policy/custom-resources-lambda-policy",
                            "policy_arn": "arn:aws:iam::064592191516:policy/custom-resources-lambda-policy",
                            "role": "twentyfour-hour-video-python-IamRoleCustomResources"
                        },
                        "meta": {
                            "schema_version": 0
                        },
                        "tainted": false
                    },
                    "deposed": [],
                    "provider": "provider.aws"
                },
                "aws_iam_user.tfer--AIDAIXQLU7ITRUTA44KVI": {
                    "type": "aws_iam_user",
                    "depends_on": [],
                    "primary": {
                        "id": "thom",
                        "attributes": {
                            "arn": "arn:aws:iam::064592191516:user/thom",
                            "force_destroy": "false",
                            "id": "thom",
                            "name": "thom",
                            "path": "/",
                            "tags.%": "1",
                            "tags.AKIAQ6CP6UAOC7WKBT6I": "goofys",
                            "tags_all.%": "1",
                            "tags_all.AKIAQ6CP6UAOC7WKBT6I": "goofys",
                            "unique_id": "AIDAIXQLU7ITRUTA44KVI"
                        },
                        "meta": {
                            "schema_version": 0
                        },
                        "tainted": false
                    },
                    "deposed": [],
                    "provider": "provider.aws"
                },
                "aws_iam_user_group_membership.tfer--thom-002F-Admin": {
                    "type": "aws_iam_user_group_membership",
                    "depends_on": [],
                    "primary": {
                        "id": "thom/Admin",
                        "attributes": {
                            "groups.#": "1",
                            "groups.0": "Admin",
                            "id": "thom/Admin",
                            "user": "thom"
                        },
                        "meta": {
                            "schema_version": 0
                        },
                        "tainted": false
                    },
                    "deposed": [],
                    "provider": "provider.aws"
                }
            },
            "depends_on": []
        }
    ]
}
