{
    "version": 3,
    "terraform_version": "0.12.31",
    "serial": 1,
    "lineage": "2e859352-6318-9a55-0894-c016ab05ee82",
    "modules": [
        {
            "path": [
                "root"
            ],
            "outputs": {
                "aws_subnet_tfer--subnet-3fa0ce75_id": {
                    "sensitive": false,
                    "type": "string",
                    "value": "subnet-3fa0ce75"
                },
                "aws_subnet_tfer--subnet-5a568d06_id": {
                    "sensitive": false,
                    "type": "string",
                    "value": "subnet-5a568d06"
                },
                "aws_subnet_tfer--subnet-7333db4d_id": {
                    "sensitive": false,
                    "type": "string",
                    "value": "subnet-7333db4d"
                },
                "aws_subnet_tfer--subnet-8513b6ab_id": {
                    "sensitive": false,
                    "type": "string",
                    "value": "subnet-8513b6ab"
                },
                "aws_subnet_tfer--subnet-8bef8b84_id": {
                    "sensitive": false,
                    "type": "string",
                    "value": "subnet-8bef8b84"
                },
                "aws_subnet_tfer--subnet-cff228a8_id": {
                    "sensitive": false,
                    "type": "string",
                    "value": "subnet-cff228a8"
                }
            },
            "resources": {
                "aws_subnet.tfer--subnet-3fa0ce75": {
                    "type": "aws_subnet",
                    "depends_on": [],
                    "primary": {
                        "id": "subnet-3fa0ce75",
                        "attributes": {
                            "arn": "arn:aws:ec2:us-east-1:064592191516:subnet/subnet-3fa0ce75",
                            "assign_ipv6_address_on_creation": "false",
                            "availability_zone": "us-east-1a",
                            "availability_zone_id": "use1-az4",
                            "cidr_block": "172.31.16.0/20",
                            "customer_owned_ipv4_pool": "",
                            "enable_dns64": "false",
                            "enable_resource_name_dns_a_record_on_launch": "false",
                            "enable_resource_name_dns_aaaa_record_on_launch": "false",
                            "id": "subnet-3fa0ce75",
                            "ipv6_cidr_block": "",
                            "ipv6_cidr_block_association_id": "",
                            "ipv6_native": "false",
                            "map_customer_owned_ip_on_launch": "false",
                            "map_public_ip_on_launch": "true",
                            "outpost_arn": "",
                            "owner_id": "064592191516",
                            "private_dns_hostname_type_on_launch": "ip-name",
                            "tags.%": "0",
                            "tags_all.%": "0",
                            "vpc_id": "vpc-0827c472"
                        },
                        "meta": {
                            "schema_version": 1
                        },
                        "tainted": false
                    },
                    "deposed": [],
                    "provider": "provider.aws"
                },
                "aws_subnet.tfer--subnet-5a568d06": {
                    "type": "aws_subnet",
                    "depends_on": [],
                    "primary": {
                        "id": "subnet-5a568d06",
                        "attributes": {
                            "arn": "arn:aws:ec2:us-east-1:064592191516:subnet/subnet-5a568d06",
                            "assign_ipv6_address_on_creation": "false",
                            "availability_zone": "us-east-1b",
                            "availability_zone_id": "use1-az6",
                            "cidr_block": "172.31.32.0/20",
                            "customer_owned_ipv4_pool": "",
                            "enable_dns64": "false",
                            "enable_resource_name_dns_a_record_on_launch": "false",
                            "enable_resource_name_dns_aaaa_record_on_launch": "false",
                            "id": "subnet-5a568d06",
                            "ipv6_cidr_block": "",
                            "ipv6_cidr_block_association_id": "",
                            "ipv6_native": "false",
                            "map_customer_owned_ip_on_launch": "false",
                            "map_public_ip_on_launch": "true",
                            "outpost_arn": "",
                            "owner_id": "064592191516",
                            "private_dns_hostname_type_on_launch": "ip-name",
                            "tags.%": "0",
                            "tags_all.%": "0",
                            "vpc_id": "vpc-0827c472"
                        },
                        "meta": {
                            "schema_version": 1
                        },
                        "tainted": false
                    },
                    "deposed": [],
                    "provider": "provider.aws"
                },
                "aws_subnet.tfer--subnet-7333db4d": {
                    "type": "aws_subnet",
                    "depends_on": [],
                    "primary": {
                        "id": "subnet-7333db4d",
                        "attributes": {
                            "arn": "arn:aws:ec2:us-east-1:064592191516:subnet/subnet-7333db4d",
                            "assign_ipv6_address_on_creation": "false",
                            "availability_zone": "us-east-1e",
                            "availability_zone_id": "use1-az3",
                            "cidr_block": "172.31.48.0/20",
                            "customer_owned_ipv4_pool": "",
                            "enable_dns64": "false",
                            "enable_resource_name_dns_a_record_on_launch": "false",
                            "enable_resource_name_dns_aaaa_record_on_launch": "false",
                            "id": "subnet-7333db4d",
                            "ipv6_cidr_block": "",
                            "ipv6_cidr_block_association_id": "",
                            "ipv6_native": "false",
                            "map_customer_owned_ip_on_launch": "false",
                            "map_public_ip_on_launch": "true",
                            "outpost_arn": "",
                            "owner_id": "064592191516",
                            "private_dns_hostname_type_on_launch": "ip-name",
                            "tags.%": "0",
                            "tags_all.%": "0",
                            "vpc_id": "vpc-0827c472"
                        },
                        "meta": {
                            "schema_version": 1
                        },
                        "tainted": false
                    },
                    "deposed": [],
                    "provider": "provider.aws"
                },
                "aws_subnet.tfer--subnet-8513b6ab": {
                    "type": "aws_subnet",
                    "depends_on": [],
                    "primary": {
                        "id": "subnet-8513b6ab",
                        "attributes": {
                            "arn": "arn:aws:ec2:us-east-1:064592191516:subnet/subnet-8513b6ab",
                            "assign_ipv6_address_on_creation": "false",
                            "availability_zone": "us-east-1d",
                            "availability_zone_id": "use1-az2",
                            "cidr_block": "172.31.80.0/20",
                            "customer_owned_ipv4_pool": "",
                            "enable_dns64": "false",
                            "enable_resource_name_dns_a_record_on_launch": "false",
                            "enable_resource_name_dns_aaaa_record_on_launch": "false",
                            "id": "subnet-8513b6ab",
                            "ipv6_cidr_block": "",
                            "ipv6_cidr_block_association_id": "",
                            "ipv6_native": "false",
                            "map_customer_owned_ip_on_launch": "false",
                            "map_public_ip_on_launch": "true",
                            "outpost_arn": "",
                            "owner_id": "064592191516",
                            "private_dns_hostname_type_on_launch": "ip-name",
                            "tags.%": "0",
                            "tags_all.%": "0",
                            "vpc_id": "vpc-0827c472"
                        },
                        "meta": {
                            "schema_version": 1
                        },
                        "tainted": false
                    },
                    "deposed": [],
                    "provider": "provider.aws"
                },
                "aws_subnet.tfer--subnet-8bef8b84": {
                    "type": "aws_subnet",
                    "depends_on": [],
                    "primary": {
                        "id": "subnet-8bef8b84",
                        "attributes": {
                            "arn": "arn:aws:ec2:us-east-1:064592191516:subnet/subnet-8bef8b84",
                            "assign_ipv6_address_on_creation": "false",
                            "availability_zone": "us-east-1f",
                            "availability_zone_id": "use1-az5",
                            "cidr_block": "172.31.64.0/20",
                            "customer_owned_ipv4_pool": "",
                            "enable_dns64": "false",
                            "enable_resource_name_dns_a_record_on_launch": "false",
                            "enable_resource_name_dns_aaaa_record_on_launch": "false",
                            "id": "subnet-8bef8b84",
                            "ipv6_cidr_block": "",
                            "ipv6_cidr_block_association_id": "",
                            "ipv6_native": "false",
                            "map_customer_owned_ip_on_launch": "false",
                            "map_public_ip_on_launch": "true",
                            "outpost_arn": "",
                            "owner_id": "064592191516",
                            "private_dns_hostname_type_on_launch": "ip-name",
                            "tags.%": "0",
                            "tags_all.%": "0",
                            "vpc_id": "vpc-0827c472"
                        },
                        "meta": {
                            "schema_version": 1
                        },
                        "tainted": false
                    },
                    "deposed": [],
                    "provider": "provider.aws"
                },
                "aws_subnet.tfer--subnet-cff228a8": {
                    "type": "aws_subnet",
                    "depends_on": [],
                    "primary": {
                        "id": "subnet-cff228a8",
                        "attributes": {
                            "arn": "arn:aws:ec2:us-east-1:064592191516:subnet/subnet-cff228a8",
                            "assign_ipv6_address_on_creation": "false",
                            "availability_zone": "us-east-1c",
                            "availability_zone_id": "use1-az1",
                            "cidr_block": "172.31.0.0/20",
                            "customer_owned_ipv4_pool": "",
                            "enable_dns64": "false",
                            "enable_resource_name_dns_a_record_on_launch": "false",
                            "enable_resource_name_dns_aaaa_record_on_launch": "false",
                            "id": "subnet-cff228a8",
                            "ipv6_cidr_block": "",
                            "ipv6_cidr_block_association_id": "",
                            "ipv6_native": "false",
                            "map_customer_owned_ip_on_launch": "false",
                            "map_public_ip_on_launch": "true",
                            "outpost_arn": "",
                            "owner_id": "064592191516",
                            "private_dns_hostname_type_on_launch": "ip-name",
                            "tags.%": "0",
                            "tags_all.%": "0",
                            "vpc_id": "vpc-0827c472"
                        },
                        "meta": {
                            "schema_version": 1
                        },
                        "tainted": false
                    },
                    "deposed": [],
                    "provider": "provider.aws"
                }
            },
            "depends_on": []
        }
    ]
}
